<?xml version="1.0" encoding="utf-8"?>
<Project ToolsVersion="4.0" xmlns="http://schemas.microsoft.com/developer/msbuild/2003">
  <ItemGroup>
    <Filter Include="Source Files">
      <UniqueIdentifier>{7A4EAAAB-6C83-4B5B-AC32-19F5AE364700}</UniqueIdentifier>
      <Extensions>cpp;c;cc;cxx;def;odl;idl;hpj;bat;asm;asmx</Extensions>
    </Filter>
    <Filter Include="Header Files">
      <UniqueIdentifier>{A1F84B2D-725D-4E1D-B6C3-0ACF9483DAAB}</UniqueIdentifier>
      <Extensions>h;hh;hpp;hxx;hm;inl;inc;xsd</Extensions>
    </Filter>
    <Filter Include="Resources">
      <UniqueIdentifier>{3A4DDFB3-0A22-4F57-867B-3685B5B71450}</UniqueIdentifier>
    </Filter>
  </ItemGroup>
  <ItemGroup>
    <ClInclude Include="Src\APIEnvir.h">
      <Filter>Header Files</Filter>
    </ClInclude>
    <ClInclude Include="Src\BrowserPalette.hpp">
      <Filter>Header Files</Filter>
    </ClInclude>
    <ClInclude Include="Src\WebAppConfig.hpp">
      <Filter>Header Files</Filter>
    </ClInclude>
  </ItemGroup>
  <ItemGroup>
    <ClCompile Include="Src\BrowserPalette.cpp">
      <Filter>Source Files</Filter>
    </ClCompile>
    <ClCompile Include="Src\IfcTesterArchicad.cpp">
      <Filter>Source Files</Filter>
    </ClCompile>
    <ClCompile Include="Src\WebAppConfig.cpp">
      <Filter>Source Files</Filter>
    </ClCompile>
  </ItemGroup>
  <ItemGroup>
    <CustomBuild Include="Resources\RINT\IfcTesterArchicad.grc">
      <Filter>Resources</Filter>
    </CustomBuild>
    <CustomBuild Include="Resources\RFIX\IfcTesterArchicadFix.grc">
      <Filter>Resources</Filter>
    </CustomBuild>
    <CustomBuild Include="Resources\RFIX.win\IfcTesterArchicad.rc2">
      <Filter>Resources</Filter>
    </CustomBuild>
  </ItemGroup>
</Project>
